// !$*UTF8*$!
{
	archiveVersion = 1;
	classes = {
	};
	objectVersion = 48;
	objects = {

/* Begin PBXBuildFile section */
		305DEC5C2062AB320089217A /* AppDelegate.swift in Sources */ = {isa = PBXBuildFile; fileRef = 305DEC5B2062AB320089217A /* AppDelegate.swift */; };
		305DEC5E2062AB320089217A /* MainViewController.swift in Sources */ = {isa = PBXBuildFile; fileRef = 305DEC5D2062AB320089217A /* MainViewController.swift */; };
		305DEC612062AB320089217A /* Main.storyboard in Resources */ = {isa = PBXBuildFile; fileRef = 305DEC5F2062AB320089217A /* Main.storyboard */; };
		305DEC642062AB320089217A /* CryptoCoins.xcdatamodeld in Sources */ = {isa = PBXBuildFile; fileRef = 305DEC622062AB320089217A /* CryptoCoins.xcdatamodeld */; };
		305DEC662062AB320089217A /* Assets.xcassets in Resources */ = {isa = PBXBuildFile; fileRef = 305DEC652062AB320089217A /* Assets.xcassets */; };
		305DEC692062AB320089217A /* LaunchScreen.storyboard in Resources */ = {isa = PBXBuildFile; fileRef = 305DEC672062AB320089217A /* LaunchScreen.storyboard */; };
		305DEC742062AB330089217A /* CryptoCoinsTests.swift in Sources */ = {isa = PBXBuildFile; fileRef = 305DEC732062AB330089217A /* CryptoCoinsTests.swift */; };
		305DEC802062CB850089217A /* CustomTableViewCell.swift in Sources */ = {isa = PBXBuildFile; fileRef = 305DEC7E2062CB850089217A /* CustomTableViewCell.swift */; };
		305DEC812062CB850089217A /* CustomTableViewCell.xib in Resources */ = {isa = PBXBuildFile; fileRef = 305DEC7F2062CB850089217A /* CustomTableViewCell.xib */; };
		30A3DFE2207E5F7C0032B912 /* MainDataModel.swift in Sources */ = {isa = PBXBuildFile; fileRef = 30A3DFE1207E5F7C0032B912 /* MainDataModel.swift */; };
		30F270992087B2C000D5A0DC /* MainModelController.swift in Sources */ = {isa = PBXBuildFile; fileRef = 30F270982087B2C000D5A0DC /* MainModelController.swift */; };
/* End PBXBuildFile section */

/* Begin PBXContainerItemProxy section */
		305DEC702062AB330089217A /* PBXContainerItemProxy */ = {
			isa = PBXContainerItemProxy;
			containerPortal = 305DEC502062AB320089217A /* Project object */;
			proxyType = 1;
			remoteGlobalIDString = 305DEC572062AB320089217A;
			remoteInfo = CryptoCoins;
		};
/* End PBXContainerItemProxy section */

/* Begin PBXFileReference section */
		305DEC582062AB320089217A /* CryptoCoins.app */ = {isa = PBXFileReference; explicitFileType = wrapper.application; includeInIndex = 0; path = CryptoCoins.app; sourceTree = BUILT_PRODUCTS_DIR; };
		305DEC5B2062AB320089217A /* AppDelegate.swift */ = {isa = PBXFileReference; lastKnownFileType = sourcecode.swift; path = AppDelegate.swift; sourceTree = "<group>"; };
		305DEC5D2062AB320089217A /* MainViewController.swift */ = {isa = PBXFileReference; lastKnownFileType = sourcecode.swift; path = MainViewController.swift; sourceTree = "<group>"; };
		305DEC602062AB320089217A /* Base */ = {isa = PBXFileReference; lastKnownFileType = file.storyboard; name = Base; path = Base.lproj/Main.storyboard; sourceTree = "<group>"; };
		305DEC632062AB320089217A /* CryptoCoins.xcdatamodel */ = {isa = PBXFileReference; lastKnownFileType = wrapper.xcdatamodel; path = CryptoCoins.xcdatamodel; sourceTree = "<group>"; };
		305DEC652062AB320089217A /* Assets.xcassets */ = {isa = PBXFileReference; lastKnownFileType = folder.assetcatalog; path = Assets.xcassets; sourceTree = "<group>"; };
		305DEC682062AB320089217A /* Base */ = {isa = PBXFileReference; lastKnownFileType = file.storyboard; name = Base; path = Base.lproj/LaunchScreen.storyboard; sourceTree = "<group>"; };
		305DEC6A2062AB320089217A /* Info.plist */ = {isa = PBXFileReference; lastKnownFileType = text.plist.xml; path = Info.plist; sourceTree = "<group>"; };
		305DEC6F2062AB330089217A /* CryptoCoinsTests.xctest */ = {isa = PBXFileReference; explicitFileType = wrapper.cfbundle; includeInIndex = 0; path = CryptoCoinsTests.xctest; sourceTree = BUILT_PRODUCTS_DIR; };
		305DEC732062AB330089217A /* CryptoCoinsTests.swift */ = {isa = PBXFileReference; lastKnownFileType = sourcecode.swift; path = CryptoCoinsTests.swift; sourceTree = "<group>"; };
		305DEC752062AB330089217A /* Info.plist */ = {isa = PBXFileReference; lastKnownFileType = text.plist.xml; path = Info.plist; sourceTree = "<group>"; };
		305DEC7E2062CB850089217A /* CustomTableViewCell.swift */ = {isa = PBXFileReference; lastKnownFileType = sourcecode.swift; path = CustomTableViewCell.swift; sourceTree = "<group>"; };
		305DEC7F2062CB850089217A /* CustomTableViewCell.xib */ = {isa = PBXFileReference; lastKnownFileType = file.xib; path = CustomTableViewCell.xib; sourceTree = "<group>"; };
		30A3DFE1207E5F7C0032B912 /* MainDataModel.swift */ = {isa = PBXFileReference; lastKnownFileType = sourcecode.swift; path = MainDataModel.swift; sourceTree = "<group>"; };
		30F270982087B2C000D5A0DC /* MainModelController.swift */ = {isa = PBXFileReference; lastKnownFileType = sourcecode.swift; path = MainModelController.swift; sourceTree = "<group>"; };
/* End PBXFileReference section */

/* Begin PBXFrameworksBuildPhase section */
		305DEC552062AB320089217A /* Frameworks */ = {
			isa = PBXFrameworksBuildPhase;
			buildActionMask = 2147483647;
			files = (
			);
			runOnlyForDeploymentPostprocessing = 0;
		};
		305DEC6C2062AB330089217A /* Frameworks */ = {
			isa = PBXFrameworksBuildPhase;
			buildActionMask = 2147483647;
			files = (
			);
			runOnlyForDeploymentPostprocessing = 0;
		};
/* End PBXFrameworksBuildPhase section */

/* Begin PBXGroup section */
		305DEC4F2062AB320089217A = {
			isa = PBXGroup;
			children = (
				305DEC5A2062AB320089217A /* CryptoCoins */,
				305DEC722062AB330089217A /* CryptoCoinsTests */,
				305DEC592062AB320089217A /* Products */,
			);
			sourceTree = "<group>";
		};
		305DEC592062AB320089217A /* Products */ = {
			isa = PBXGroup;
			children = (
				305DEC582062AB320089217A /* CryptoCoins.app */,
				305DEC6F2062AB330089217A /* CryptoCoinsTests.xctest */,
			);
			name = Products;
			sourceTree = "<group>";
		};
		305DEC5A2062AB320089217A /* CryptoCoins */ = {
			isa = PBXGroup;
			children = (
				305DEC5B2062AB320089217A /* AppDelegate.swift */,
				305DEC5D2062AB320089217A /* MainViewController.swift */,
				305DEC5F2062AB320089217A /* Main.storyboard */,
				305DEC652062AB320089217A /* Assets.xcassets */,
				305DEC672062AB320089217A /* LaunchScreen.storyboard */,
				305DEC6A2062AB320089217A /* Info.plist */,
				305DEC622062AB320089217A /* CryptoCoins.xcdatamodeld */,
				305DEC7E2062CB850089217A /* CustomTableViewCell.swift */,
				305DEC7F2062CB850089217A /* CustomTableViewCell.xib */,
				30A3DFE1207E5F7C0032B912 /* MainDataModel.swift */,
				30F270982087B2C000D5A0DC /* MainModelController.swift */,
			);
			path = CryptoCoins;
			sourceTree = "<group>";
		};
		305DEC722062AB330089217A /* CryptoCoinsTests */ = {
			isa = PBXGroup;
			children = (
				305DEC732062AB330089217A /* CryptoCoinsTests.swift */,
				305DEC752062AB330089217A /* Info.plist */,
			);
			path = CryptoCoinsTests;
			sourceTree = "<group>";
		};
/* End PBXGroup section */

/* Begin PBXNativeTarget section */
		305DEC572062AB320089217A /* CryptoCoins */ = {
			isa = PBXNativeTarget;
			buildConfigurationList = 305DEC782062AB330089217A /* Build configuration list for PBXNativeTarget "CryptoCoins" */;
			buildPhases = (
				305DEC542062AB320089217A /* Sources */,
				305DEC552062AB320089217A /* Frameworks */,
				305DEC562062AB320089217A /* Resources */,
			);
			buildRules = (
			);
			dependencies = (
			);
			name = CryptoCoins;
			productName = CryptoCoins;
			productReference = 305DEC582062AB320089217A /* CryptoCoins.app */;
			productType = "com.apple.product-type.application";
		};
		305DEC6E2062AB330089217A /* CryptoCoinsTests */ = {
			isa = PBXNativeTarget;
			buildConfigurationList = 305DEC7B2062AB330089217A /* Build configuration list for PBXNativeTarget "CryptoCoinsTests" */;
			buildPhases = (
				305DEC6B2062AB330089217A /* Sources */,
				305DEC6C2062AB330089217A /* Frameworks */,
				305DEC6D2062AB330089217A /* Resources */,
			);
			buildRules = (
			);
			dependencies = (
				305DEC712062AB330089217A /* PBXTargetDependency */,
			);
			name = CryptoCoinsTests;
			productName = CryptoCoinsTests;
			productReference = 305DEC6F2062AB330089217A /* CryptoCoinsTests.xctest */;
			productType = "com.apple.product-type.bundle.unit-test";
		};
/* End PBXNativeTarget section */

/* Begin PBXProject section */
		305DEC502062AB320089217A /* Project object */ = {
			isa = PBXProject;
			attributes = {
				LastSwiftUpdateCheck = 0920;
				LastUpgradeCheck = 0920;
				ORGANIZATIONNAME = "Роман Нордштрем";
				TargetAttributes = {
					305DEC572062AB320089217A = {
						CreatedOnToolsVersion = 9.2;
						ProvisioningStyle = Automatic;
					};
					305DEC6E2062AB330089217A = {
						CreatedOnToolsVersion = 9.2;
						ProvisioningStyle = Automatic;
						TestTargetID = 305DEC572062AB320089217A;
					};
				};
			};
			buildConfigurationList = 305DEC532062AB320089217A /* Build configuration list for PBXProject "CryptoCoins" */;
			compatibilityVersion = "Xcode 8.0";
			developmentRegion = en;
			hasScannedForEncodings = 0;
			knownRegions = (
				en,
				Base,
			);
			mainGroup = 305DEC4F2062AB320089217A;
			productRefGroup = 305DEC592062AB320089217A /* Products */;
			projectDirPath = "";
			projectRoot = "";
			targets = (
				305DEC572062AB320089217A /* CryptoCoins */,
				305DEC6E2062AB330089217A /* CryptoCoinsTests */,
			);
		};
/* End PBXProject section */

/* Begin PBXResourcesBuildPhase section */
		305DEC562062AB320089217A /* Resources */ = {
			isa = PBXResourcesBuildPhase;
			buildActionMask = 2147483647;
			files = (
				305DEC692062AB320089217A /* LaunchScreen.storyboard in Resources */,
				305DEC662062AB320089217A /* Assets.xcassets in Resources */,
				305DEC812062CB850089217A /* CustomTableViewCell.xib in Resources */,
				305DEC612062AB320089217A /* Main.storyboard in Resources */,
			);
			runOnlyForDeploymentPostprocessing = 0;
		};
		305DEC6D2062AB330089217A /* Resources */ = {
			isa = PBXResourcesBuildPhase;
			buildActionMask = 2147483647;
			files = (
			);
			runOnlyForDeploymentPostprocessing = 0;
		};
/* End PBXResourcesBuildPhase section */

/* Begin PBXSourcesBuildPhase section */
		305DEC542062AB320089217A /* Sources */ = {
			isa = PBXSourcesBuildPhase;
			buildActionMask = 2147483647;
			files = (
				305DEC5E2062AB320089217A /* MainViewController.swift in Sources */,
				305DEC5C2062AB320089217A /* AppDelegate.swift in Sources */,
				305DEC802062CB850089217A /* CustomTableViewCell.swift in Sources */,
				30A3DFE2207E5F7C0032B912 /* MainDataModel.swift in Sources */,
				30F270992087B2C000D5A0DC /* MainModelController.swift in Sources */,
				305DEC642062AB320089217A /* CryptoCoins.xcdatamodeld in Sources */,
			);
			runOnlyForDeploymentPostprocessing = 0;
		};
		305DEC6B2062AB330089217A /* Sources */ = {
			isa = PBXSourcesBuildPhase;
			buildActionMask = 2147483647;
			files = (
				305DEC742062AB330089217A /* CryptoCoinsTests.swift in Sources */,
			);
			runOnlyForDeploymentPostprocessing = 0;
		};
/* End PBXSourcesBuildPhase section */

/* Begin PBXTargetDependency section */
		305DEC712062AB330089217A /* PBXTargetDependency */ = {
			isa = PBXTargetDependency;
			target = 305DEC572062AB320089217A /* CryptoCoins */;
			targetProxy = 305DEC702062AB330089217A /* PBXContainerItemProxy */;
		};
/* End PBXTargetDependency section */

/* Begin PBXVariantGroup section */
		305DEC5F2062AB320089217A /* Main.storyboard */ = {
			isa = PBXVariantGroup;
			children = (
				305DEC602062AB320089217A /* Base */,
			);
			name = Main.storyboard;
			sourceTree = "<group>";
		};
		305DEC672062AB320089217A /* LaunchScreen.storyboard */ = {
			isa = PBXVariantGroup;
			children = (
				305DEC682062AB320089217A /* Base */,
			);
			name = LaunchScreen.storyboard;
			sourceTree = "<group>";
		};
/* End PBXVariantGroup section */

/* Begin XCBuildConfiguration section */
		305DEC762062AB330089217A /* Debug */ = {
			isa = XCBuildConfiguration;
			buildSettings = {
				ALWAYS_SEARCH_USER_PATHS = NO;
				CLANG_ANALYZER_NONNULL = YES;
				CLANG_ANALYZER_NUMBER_OBJECT_CONVERSION = YES_AGGRESSIVE;
				CLANG_CXX_LANGUAGE_STANDARD = "gnu++14";
				CLANG_CXX_LIBRARY = "libc++";
				CLANG_ENABLE_MODULES = YES;
				CLANG_ENABLE_OBJC_ARC = YES;
				CLANG_WARN_BLOCK_CAPTURE_AUTORELEASING = YES;
				CLANG_WARN_BOOL_CONVERSION = YES;
				CLANG_WARN_COMMA = YES;
				CLANG_WARN_CONSTANT_CONVERSION = YES;
				CLANG_WARN_DIRECT_OBJC_ISA_USAGE = YES_ERROR;
				CLANG_WARN_DOCUMENTATION_COMMENTS = YES;
				CLANG_WARN_EMPTY_BODY = YES;
				CLANG_WARN_ENUM_CONVERSION = YES;
				CLANG_WARN_INFINITE_RECURSION = YES;
				CLANG_WARN_INT_CONVERSION = YES;
				CLANG_WARN_NON_LITERAL_NULL_CONVERSION = YES;
				CLANG_WARN_OBJC_LITERAL_CONVERSION = YES;
				CLANG_WARN_OBJC_ROOT_CLASS = YES_ERROR;
				CLANG_WARN_RANGE_LOOP_ANALYSIS = YES;
				CLANG_WARN_STRICT_PROTOTYPES = YES;
				CLANG_WARN_SUSPICIOUS_MOVE = YES;
				CLANG_WARN_UNGUARDED_AVAILABILITY = YES_AGGRESSIVE;
				CLANG_WARN_UNREACHABLE_CODE = YES;
				CLANG_WARN__DUPLICATE_METHOD_MATCH = YES;
				CODE_SIGN_IDENTITY = "iPhone Developer";
				COPY_PHASE_STRIP = NO;
				DEBUG_INFORMATION_FORMAT = dwarf;
				ENABLE_STRICT_OBJC_MSGSEND = YES;
				ENABLE_TESTABILITY = YES;
				GCC_C_LANGUAGE_STANDARD = gnu11;
				GCC_DYNAMIC_NO_PIC = NO;
				GCC_NO_COMMON_BLOCKS = YES;
				GCC_OPTIMIZATION_LEVEL = 0;
				GCC_PREPROCESSOR_DEFINITIONS = (
					"DEBUG=1",
					"$(inherited)",
				);
				GCC_WARN_64_TO_32_BIT_CONVERSION = YES;
				GCC_WARN_ABOUT_RETURN_TYPE = YES_ERROR;
				GCC_WARN_UNDECLARED_SELECTOR = YES;
				GCC_WARN_UNINITIALIZED_AUTOS = YES_AGGRESSIVE;
				GCC_WARN_UNUSED_FUNCTION = YES;
				GCC_WARN_UNUSED_VARIABLE = YES;
				IPHONEOS_DEPLOYMENT_TARGET = 11.2;
				MTL_ENABLE_DEBUG_INFO = YES;
				ONLY_ACTIVE_ARCH = YES;
				SDKROOT = iphoneos;
				SWIFT_ACTIVE_COMPILATION_CONDITIONS = DEBUG;
				SWIFT_OPTIMIZATION_LEVEL = "-Onone";
			};
			name = Debug;
		};
		305DEC772062AB330089217A /* Release */ = {
			isa = XCBuildConfiguration;
			buildSettings = {
				ALWAYS_SEARCH_USER_PATHS = NO;
				CLANG_ANALYZER_NONNULL = YES;
				CLANG_ANALYZER_NUMBER_OBJECT_CONVERSION = YES_AGGRESSIVE;
				CLANG_CXX_LANGUAGE_STANDARD = "gnu++14";
				CLANG_CXX_LIBRARY = "libc++";
				CLANG_ENABLE_MODULES = YES;
				CLANG_ENABLE_OBJC_ARC = YES;
				CLANG_WARN_BLOCK_CAPTURE_AUTORELEASING = YES;
				CLANG_WARN_BOOL_CONVERSION = YES;
				CLANG_WARN_COMMA = YES;
				CLANG_WARN_CONSTANT_CONVERSION = YES;
				CLANG_WARN_DIRECT_OBJC_ISA_USAGE = YES_ERROR;
				CLANG_WARN_DOCUMENTATION_COMMENTS = YES;
				CLANG_WARN_EMPTY_BODY = YES;
				CLANG_WARN_ENUM_CONVERSION = YES;
				CLANG_WARN_INFINITE_RECURSION = YES;
				CLANG_WARN_INT_CONVERSION = YES;
				CLANG_WARN_NON_LITERAL_NULL_CONVERSION = YES;
				CLANG_WARN_OBJC_LITERAL_CONVERSION = YES;
				CLANG_WARN_OBJC_ROOT_CLASS = YES_ERROR;
				CLANG_WARN_RANGE_LOOP_ANALYSIS = YES;
				CLANG_WARN_STRICT_PROTOTYPES = YES;
				CLANG_WARN_SUSPICIOUS_MOVE = YES;
				CLANG_WARN_UNGUARDED_AVAILABILITY = YES_AGGRESSIVE;
				CLANG_WARN_UNREACHABLE_CODE = YES;
				CLANG_WARN__DUPLICATE_METHOD_MATCH = YES;
				CODE_SIGN_IDENTITY = "iPhone Developer";
				COPY_PHASE_STRIP = NO;
				DEBUG_INFORMATION_FORMAT = "dwarf-with-dsym";
				ENABLE_NS_ASSERTIONS = NO;
				ENABLE_STRICT_OBJC_MSGSEND = YES;
				GCC_C_LANGUAGE_STANDARD = gnu11;
				GCC_NO_COMMON_BLOCKS = YES;
				GCC_WARN_64_TO_32_BIT_CONVERSION = YES;
				GCC_WARN_ABOUT_RETURN_TYPE = YES_ERROR;
				GCC_WARN_UNDECLARED_SELECTOR = YES;
				GCC_WARN_UNINITIALIZED_AUTOS = YES_AGGRESSIVE;
				GCC_WARN_UNUSED_FUNCTION = YES;
				GCC_WARN_UNUSED_VARIABLE = YES;
				IPHONEOS_DEPLOYMENT_TARGET = 11.2;
				MTL_ENABLE_DEBUG_INFO = NO;
				SDKROOT = iphoneos;
				SWIFT_OPTIMIZATION_LEVEL = "-Owholemodule";
				VALIDATE_PRODUCT = YES;
			};
			name = Release;
		};
		305DEC792062AB330089217A /* Debug */ = {
			isa = XCBuildConfiguration;
			buildSettings = {
				ASSETCATALOG_COMPILER_APPICON_NAME = AppIcon;
				CODE_SIGN_STYLE = Automatic;
				INFOPLIST_FILE = CryptoCoins/Info.plist;
				LD_RUNPATH_SEARCH_PATHS = "$(inherited) @executable_path/Frameworks";
				PRODUCT_BUNDLE_IDENTIFIER = ios.CryptoCoins;
				PRODUCT_NAME = "$(TARGET_NAME)";
				SWIFT_VERSION = 4.0;
				TARGETED_DEVICE_FAMILY = "1,2";
			};
			name = Debug;
		};
		305DEC7A2062AB330089217A /* Release */ = {
			isa = XCBuildConfiguration;
			buildSettings = {
				ASSETCATALOG_COMPILER_APPICON_NAME = AppIcon;
				CODE_SIGN_STYLE = Automatic;
				INFOPLIST_FILE = CryptoCoins/Info.plist;
				LD_RUNPATH_SEARCH_PATHS = "$(inherited) @executable_path/Frameworks";
				PRODUCT_BUNDLE_IDENTIFIER = ios.CryptoCoins;
				PRODUCT_NAME = "$(TARGET_NAME)";
				SWIFT_VERSION = 4.0;
				TARGETED_DEVICE_FAMILY = "1,2";
			};
			name = Release;
		};
		305DEC7C2062AB330089217A /* Debug */ = {
			isa = XCBuildConfiguration;
			buildSettings = {
				ALWAYS_EMBED_SWIFT_STANDARD_LIBRARIES = YES;
				BUNDLE_LOADER = "$(TEST_HOST)";
				CODE_SIGN_STYLE = Automatic;
				INFOPLIST_FILE = CryptoCoinsTests/Info.plist;
				LD_RUNPATH_SEARCH_PATHS = "$(inherited) @executable_path/Frameworks @loader_path/Frameworks";
				PRODUCT_BUNDLE_IDENTIFIER = ios.CryptoCoinsTests;
				PRODUCT_NAME = "$(TARGET_NAME)";
				SWIFT_VERSION = 4.0;
				TARGETED_DEVICE_FAMILY = "1,2";
				TEST_HOST = "$(BUILT_PRODUCTS_DIR)/CryptoCoins.app/CryptoCoins";
			};
			name = Debug;
		};
		305DEC7D2062AB330089217A /* Release */ = {
			isa = XCBuildConfiguration;
			buildSettings = {
				ALWAYS_EMBED_SWIFT_STANDARD_LIBRARIES = YES;
				BUNDLE_LOADER = "$(TEST_HOST)";
				CODE_SIGN_STYLE = Automatic;
				INFOPLIST_FILE = CryptoCoinsTests/Info.plist;
				LD_RUNPATH_SEARCH_PATHS = "$(inherited) @executable_path/Frameworks @loader_path/Frameworks";
				PRODUCT_BUNDLE_IDENTIFIER = ios.CryptoCoinsTests;
				PRODUCT_NAME = "$(TARGET_NAME)";
				SWIFT_VERSION = 4.0;
				TARGETED_DEVICE_FAMILY = "1,2";
				TEST_HOST = "$(BUILT_PRODUCTS_DIR)/CryptoCoins.app/CryptoCoins";
			};
			name = Release;
		};
/* End XCBuildConfiguration section */

/* Begin XCConfigurationList section */
		305DEC532062AB320089217A /* Build configuration list for PBXProject "CryptoCoins" */ = {
			isa = XCConfigurationList;
			buildConfigurations = (
				305DEC762062AB330089217A /* Debug */,
				305DEC772062AB330089217A /* Release */,
			);
			defaultConfigurationIsVisible = 0;
			defaultConfigurationName = Release;
		};
		305DEC782062AB330089217A /* Build configuration list for PBXNativeTarget "CryptoCoins" */ = {
			isa = XCConfigurationList;
			buildConfigurations = (
				305DEC792062AB330089217A /* Debug */,
				305DEC7A2062AB330089217A /* Release */,
			);
			defaultConfigurationIsVisible = 0;
			defaultConfigurationName = Release;
		};
		305DEC7B2062AB330089217A /* Build configuration list for PBXNativeTarget "CryptoCoinsTests" */ = {
			isa = XCConfigurationList;
			buildConfigurations = (
				305DEC7C2062AB330089217A /* Debug */,
				305DEC7D2062AB330089217A /* Release */,
			);
			defaultConfigurationIsVisible = 0;
			defaultConfigurationName = Release;
		};
/* End XCConfigurationList section */

/* Begin XCVersionGroup section */
		305DEC622062AB320089217A /* CryptoCoins.xcdatamodeld */ = {
			isa = XCVersionGroup;
			children = (
				305DEC632062AB320089217A /* CryptoCoins.xcdatamodel */,
			);
			currentVersion = 305DEC632062AB320089217A /* CryptoCoins.xcdatamodel */;
			path = CryptoCoins.xcdatamodeld;
			sourceTree = "<group>";
			versionGroupType = wrapper.xcdatamodel;
		};
/* End XCVersionGroup section */
	};
	rootObject = 305DEC502062AB320089217A /* Project object */;
}
